
Microsoft Visual Studio Solution File, Format Version 12.00
# Visual Studio Version 17
VisualStudioVersion = 17.3.32811.315
MinimumVisualStudioVersion = 10.0.40219.1
Project("{FAE04EC0-301F-11D3-BF4B-00C04F79EFBC}") = "To je jedno", "To je jedno\To je jedno.csproj", "{8C29D64F-AA4B-4115-903E-50C225544C0D}"
EndProject
Global
	GlobalSection(SolutionConfigurationPlatforms) = preSolution
		Debug|Any CPU = Debug|Any CPU
		Release|Any CPU = Release|Any CPU
	EndGlobalSection
	GlobalSection(ProjectConfigurationPlatforms) = postSolution
		{8C29D64F-AA4B-4115-903E-50C225544C0D}.Debug|Any CPU.ActiveCfg = Debug|Any CPU
		{8C29D64F-AA4B-4115-903E-50C225544C0D}.Debug|Any CPU.Build.0 = Debug|Any CPU
		{8C29D64F-AA4B-4115-903E-50C225544C0D}.Release|Any CPU.ActiveCfg = Release|Any CPU
		{8C29D64F-AA4B-4115-903E-50C225544C0D}.Release|Any CPU.Build.0 = Release|Any CPU
	EndGlobalSection
	GlobalSection(SolutionProperties) = preSolution
		HideSolutionNode = FALSE
	EndGlobalSection
	GlobalSection(ExtensibilityGlobals) = postSolution
		SolutionGuid = {047FB313-6864-48B9-ADA8-8E3AE9270BDF}
	EndGlobalSection
EndGlobal
